// !$*UTF8*$!
{
	archiveVersion = 1;
	classes = {
	};
	objectVersion = 46;
	objects = {

/* Begin PBXBuildFile section */
		B9337F671D932A7400AA8807 /* AppDelegate.swift in Sources */ = {isa = PBXBuildFile; fileRef = B9337F661D932A7400AA8807 /* AppDelegate.swift */; };
		B9337F6A1D932A7400AA8807 /* com_NikkoSanchez_BlocNotes.xcdatamodeld in Sources */ = {isa = PBXBuildFile; fileRef = B9337F681D932A7400AA8807 /* com_NikkoSanchez_BlocNotes.xcdatamodeld */; };
		B9337F6C1D932A7400AA8807 /* MasterViewController.swift in Sources */ = {isa = PBXBuildFile; fileRef = B9337F6B1D932A7400AA8807 /* MasterViewController.swift */; };
		B9337F6E1D932A7400AA8807 /* DetailViewController.swift in Sources */ = {isa = PBXBuildFile; fileRef = B9337F6D1D932A7400AA8807 /* DetailViewController.swift */; };
		B9337F711D932A7400AA8807 /* Main.storyboard in Resources */ = {isa = PBXBuildFile; fileRef = B9337F6F1D932A7400AA8807 /* Main.storyboard */; };
		B9337F731D932A7400AA8807 /* Assets.xcassets in Resources */ = {isa = PBXBuildFile; fileRef = B9337F721D932A7400AA8807 /* Assets.xcassets */; };
		B9337F761D932A7400AA8807 /* LaunchScreen.storyboard in Resources */ = {isa = PBXBuildFile; fileRef = B9337F741D932A7400AA8807 /* LaunchScreen.storyboard */; };
		B9337F811D932A7500AA8807 /* com_NikkoSanchez_BlocNotesTests.swift in Sources */ = {isa = PBXBuildFile; fileRef = B9337F801D932A7500AA8807 /* com_NikkoSanchez_BlocNotesTests.swift */; };
		B9337F8C1D932A7500AA8807 /* com_NikkoSanchez_BlocNotesUITests.swift in Sources */ = {isa = PBXBuildFile; fileRef = B9337F8B1D932A7500AA8807 /* com_NikkoSanchez_BlocNotesUITests.swift */; };
		B9CE5F8C1DB58FC4000273B7 /* Notes.swift in Sources */ = {isa = PBXBuildFile; fileRef = B9CE5F8B1DB58FC4000273B7 /* Notes.swift */; };
/* End PBXBuildFile section */

/* Begin PBXContainerItemProxy section */
		B9337F7D1D932A7500AA8807 /* PBXContainerItemProxy */ = {
			isa = PBXContainerItemProxy;
			containerPortal = B9337F5B1D932A7400AA8807 /* Project object */;
			proxyType = 1;
			remoteGlobalIDString = B9337F621D932A7400AA8807;
			remoteInfo = com.NikkoSanchez.BlocNotes;
		};
		B9337F881D932A7500AA8807 /* PBXContainerItemProxy */ = {
			isa = PBXContainerItemProxy;
			containerPortal = B9337F5B1D932A7400AA8807 /* Project object */;
			proxyType = 1;
			remoteGlobalIDString = B9337F621D932A7400AA8807;
			remoteInfo = com.NikkoSanchez.BlocNotes;
		};
/* End PBXContainerItemProxy section */

/* Begin PBXFileReference section */
		B9281C3B1D9F81D4009413B2 /* com_NikkoSanchez_BlocNotes v2.xcdatamodel */ = {isa = PBXFileReference; lastKnownFileType = wrapper.xcdatamodel; path = "com_NikkoSanchez_BlocNotes v2.xcdatamodel"; sourceTree = "<group>"; };
		B9337F631D932A7400AA8807 /* com.NikkoSanchez.BlocNotes.app */ = {isa = PBXFileReference; explicitFileType = wrapper.application; includeInIndex = 0; path = com.NikkoSanchez.BlocNotes.app; sourceTree = BUILT_PRODUCTS_DIR; };
		B9337F661D932A7400AA8807 /* AppDelegate.swift */ = {isa = PBXFileReference; lastKnownFileType = sourcecode.swift; path = AppDelegate.swift; sourceTree = "<group>"; };
		B9337F691D932A7400AA8807 /* com_NikkoSanchez_BlocNotes.xcdatamodel */ = {isa = PBXFileReference; lastKnownFileType = wrapper.xcdatamodel; path = com_NikkoSanchez_BlocNotes.xcdatamodel; sourceTree = "<group>"; };
		B9337F6B1D932A7400AA8807 /* MasterViewController.swift */ = {isa = PBXFileReference; lastKnownFileType = sourcecode.swift; path = MasterViewController.swift; sourceTree = "<group>"; };
		B9337F6D1D932A7400AA8807 /* DetailViewController.swift */ = {isa = PBXFileReference; lastKnownFileType = sourcecode.swift; path = DetailViewController.swift; sourceTree = "<group>"; };
		B9337F701D932A7400AA8807 /* Base */ = {isa = PBXFileReference; lastKnownFileType = file.storyboard; name = Base; path = Base.lproj/Main.storyboard; sourceTree = "<group>"; };
		B9337F721D932A7400AA8807 /* Assets.xcassets */ = {isa = PBXFileReference; lastKnownFileType = folder.assetcatalog; path = Assets.xcassets; sourceTree = "<group>"; };
		B9337F751D932A7400AA8807 /* Base */ = {isa = PBXFileReference; lastKnownFileType = file.storyboard; name = Base; path = Base.lproj/LaunchScreen.storyboard; sourceTree = "<group>"; };
		B9337F771D932A7400AA8807 /* Info.plist */ = {isa = PBXFileReference; lastKnownFileType = text.plist.xml; path = Info.plist; sourceTree = "<group>"; };
		B9337F7C1D932A7500AA8807 /* com.NikkoSanchez.BlocNotesTests.xctest */ = {isa = PBXFileReference; explicitFileType = wrapper.cfbundle; includeInIndex = 0; path = com.NikkoSanchez.BlocNotesTests.xctest; sourceTree = BUILT_PRODUCTS_DIR; };
		B9337F801D932A7500AA8807 /* com_NikkoSanchez_BlocNotesTests.swift */ = {isa = PBXFileReference; lastKnownFileType = sourcecode.swift; path = com_NikkoSanchez_BlocNotesTests.swift; sourceTree = "<group>"; };
		B9337F821D932A7500AA8807 /* Info.plist */ = {isa = PBXFileReference; lastKnownFileType = text.plist.xml; path = Info.plist; sourceTree = "<group>"; };
		B9337F871D932A7500AA8807 /* com.NikkoSanchez.BlocNotesUITests.xctest */ = {isa = PBXFileReference; explicitFileType = wrapper.cfbundle; includeInIndex = 0; path = com.NikkoSanchez.BlocNotesUITests.xctest; sourceTree = BUILT_PRODUCTS_DIR; };
		B9337F8B1D932A7500AA8807 /* com_NikkoSanchez_BlocNotesUITests.swift */ = {isa = PBXFileReference; lastKnownFileType = sourcecode.swift; path = com_NikkoSanchez_BlocNotesUITests.swift; sourceTree = "<group>"; };
		B9337F8D1D932A7500AA8807 /* Info.plist */ = {isa = PBXFileReference; lastKnownFileType = text.plist.xml; path = Info.plist; sourceTree = "<group>"; };
		B9CE5F8B1DB58FC4000273B7 /* Notes.swift */ = {isa = PBXFileReference; fileEncoding = 4; lastKnownFileType = sourcecode.swift; path = Notes.swift; sourceTree = "<group>"; };
		B9CE5F8D1DBD9FB5000273B7 /* com.NikkoSanchez.BlocNotes.entitlements */ = {isa = PBXFileReference; lastKnownFileType = text.plist.entitlements; path = com.NikkoSanchez.BlocNotes.entitlements; sourceTree = "<group>"; };
/* End PBXFileReference section */

/* Begin PBXFrameworksBuildPhase section */
		B9337F601D932A7400AA8807 /* Frameworks */ = {
			isa = PBXFrameworksBuildPhase;
			buildActionMask = 2147483647;
			files = (
			);
			runOnlyForDeploymentPostprocessing = 0;
		};
		B9337F791D932A7500AA8807 /* Frameworks */ = {
			isa = PBXFrameworksBuildPhase;
			buildActionMask = 2147483647;
			files = (
			);
			runOnlyForDeploymentPostprocessing = 0;
		};
		B9337F841D932A7500AA8807 /* Frameworks */ = {
			isa = PBXFrameworksBuildPhase;
			buildActionMask = 2147483647;
			files = (
			);
			runOnlyForDeploymentPostprocessing = 0;
		};
/* End PBXFrameworksBuildPhase section */

/* Begin PBXGroup section */
		B9337F5A1D932A7400AA8807 = {
			isa = PBXGroup;
			children = (
				B9337F651D932A7400AA8807 /* com.NikkoSanchez.BlocNotes */,
				B9337F7F1D932A7500AA8807 /* com.NikkoSanchez.BlocNotesTests */,
				B9337F8A1D932A7500AA8807 /* com.NikkoSanchez.BlocNotesUITests */,
				B9337F641D932A7400AA8807 /* Products */,
			);
			sourceTree = "<group>";
		};
		B9337F641D932A7400AA8807 /* Products */ = {
			isa = PBXGroup;
			children = (
				B9337F631D932A7400AA8807 /* com.NikkoSanchez.BlocNotes.app */,
				B9337F7C1D932A7500AA8807 /* com.NikkoSanchez.BlocNotesTests.xctest */,
				B9337F871D932A7500AA8807 /* com.NikkoSanchez.BlocNotesUITests.xctest */,
			);
			name = Products;
			sourceTree = "<group>";
		};
		B9337F651D932A7400AA8807 /* com.NikkoSanchez.BlocNotes */ = {
			isa = PBXGroup;
			children = (
				B9CE5F8D1DBD9FB5000273B7 /* com.NikkoSanchez.BlocNotes.entitlements */,
				B9337F661D932A7400AA8807 /* AppDelegate.swift */,
				B9337F6B1D932A7400AA8807 /* MasterViewController.swift */,
				B9CE5F8B1DB58FC4000273B7 /* Notes.swift */,
				B9337F6D1D932A7400AA8807 /* DetailViewController.swift */,
				B9337F6F1D932A7400AA8807 /* Main.storyboard */,
				B9337F721D932A7400AA8807 /* Assets.xcassets */,
				B9337F741D932A7400AA8807 /* LaunchScreen.storyboard */,
				B9337F771D932A7400AA8807 /* Info.plist */,
				B9337F681D932A7400AA8807 /* com_NikkoSanchez_BlocNotes.xcdatamodeld */,
			);
			path = com.NikkoSanchez.BlocNotes;
			sourceTree = "<group>";
		};
		B9337F7F1D932A7500AA8807 /* com.NikkoSanchez.BlocNotesTests */ = {
			isa = PBXGroup;
			children = (
				B9337F801D932A7500AA8807 /* com_NikkoSanchez_BlocNotesTests.swift */,
				B9337F821D932A7500AA8807 /* Info.plist */,
			);
			path = com.NikkoSanchez.BlocNotesTests;
			sourceTree = "<group>";
		};
		B9337F8A1D932A7500AA8807 /* com.NikkoSanchez.BlocNotesUITests */ = {
			isa = PBXGroup;
			children = (
				B9337F8B1D932A7500AA8807 /* com_NikkoSanchez_BlocNotesUITests.swift */,
				B9337F8D1D932A7500AA8807 /* Info.plist */,
			);
			path = com.NikkoSanchez.BlocNotesUITests;
			sourceTree = "<group>";
		};
/* End PBXGroup section */

/* Begin PBXNativeTarget section */
		B9337F621D932A7400AA8807 /* com.NikkoSanchez.BlocNotes */ = {
			isa = PBXNativeTarget;
			buildConfigurationList = B9337F901D932A7500AA8807 /* Build configuration list for PBXNativeTarget "com.NikkoSanchez.BlocNotes" */;
			buildPhases = (
				B9337F5F1D932A7400AA8807 /* Sources */,
				B9337F601D932A7400AA8807 /* Frameworks */,
				B9337F611D932A7400AA8807 /* Resources */,
			);
			buildRules = (
			);
			dependencies = (
			);
			name = com.NikkoSanchez.BlocNotes;
			productName = com.NikkoSanchez.BlocNotes;
			productReference = B9337F631D932A7400AA8807 /* com.NikkoSanchez.BlocNotes.app */;
			productType = "com.apple.product-type.application";
		};
		B9337F7B1D932A7500AA8807 /* com.NikkoSanchez.BlocNotesTests */ = {
			isa = PBXNativeTarget;
			buildConfigurationList = B9337F931D932A7500AA8807 /* Build configuration list for PBXNativeTarget "com.NikkoSanchez.BlocNotesTests" */;
			buildPhases = (
				B9337F781D932A7500AA8807 /* Sources */,
				B9337F791D932A7500AA8807 /* Frameworks */,
				B9337F7A1D932A7500AA8807 /* Resources */,
			);
			buildRules = (
			);
			dependencies = (
				B9337F7E1D932A7500AA8807 /* PBXTargetDependency */,
			);
			name = com.NikkoSanchez.BlocNotesTests;
			productName = com.NikkoSanchez.BlocNotesTests;
			productReference = B9337F7C1D932A7500AA8807 /* com.NikkoSanchez.BlocNotesTests.xctest */;
			productType = "com.apple.product-type.bundle.unit-test";
		};
		B9337F861D932A7500AA8807 /* com.NikkoSanchez.BlocNotesUITests */ = {
			isa = PBXNativeTarget;
			buildConfigurationList = B9337F961D932A7500AA8807 /* Build configuration list for PBXNativeTarget "com.NikkoSanchez.BlocNotesUITests" */;
			buildPhases = (
				B9337F831D932A7500AA8807 /* Sources */,
				B9337F841D932A7500AA8807 /* Frameworks */,
				B9337F851D932A7500AA8807 /* Resources */,
			);
			buildRules = (
			);
			dependencies = (
				B9337F891D932A7500AA8807 /* PBXTargetDependency */,
			);
			name = com.NikkoSanchez.BlocNotesUITests;
			productName = com.NikkoSanchez.BlocNotesUITests;
			productReference = B9337F871D932A7500AA8807 /* com.NikkoSanchez.BlocNotesUITests.xctest */;
			productType = "com.apple.product-type.bundle.ui-testing";
		};
/* End PBXNativeTarget section */

/* Begin PBXProject section */
		B9337F5B1D932A7400AA8807 /* Project object */ = {
			isa = PBXProject;
			attributes = {
				LastSwiftUpdateCheck = 0730;
				LastUpgradeCheck = 0730;
				ORGANIZATIONNAME = Nikko;
				TargetAttributes = {
					B9337F621D932A7400AA8807 = {
						CreatedOnToolsVersion = 7.3.1;
						DevelopmentTeam = S855R3TGB6;
						LastSwiftMigration = 0800;
						SystemCapabilities = {
							com.apple.iCloud = {
								enabled = 1;
							};
						};
					};
					B9337F7B1D932A7500AA8807 = {
						CreatedOnToolsVersion = 7.3.1;
						LastSwiftMigration = 0800;
						TestTargetID = B9337F621D932A7400AA8807;
					};
					B9337F861D932A7500AA8807 = {
						CreatedOnToolsVersion = 7.3.1;
						LastSwiftMigration = 0800;
						TestTargetID = B9337F621D932A7400AA8807;
					};
				};
			};
			buildConfigurationList = B9337F5E1D932A7400AA8807 /* Build configuration list for PBXProject "com.NikkoSanchez.BlocNotes" */;
			compatibilityVersion = "Xcode 3.2";
			developmentRegion = English;
			hasScannedForEncodings = 0;
			knownRegions = (
				en,
				Base,
			);
			mainGroup = B9337F5A1D932A7400AA8807;
			productRefGroup = B9337F641D932A7400AA8807 /* Products */;
			projectDirPath = "";
			projectRoot = "";
			targets = (
				B9337F621D932A7400AA8807 /* com.NikkoSanchez.BlocNotes */,
				B9337F7B1D932A7500AA8807 /* com.NikkoSanchez.BlocNotesTests */,
				B9337F861D932A7500AA8807 /* com.NikkoSanchez.BlocNotesUITests */,
			);
		};
/* End PBXProject section */

/* Begin PBXResourcesBuildPhase section */
		B9337F611D932A7400AA8807 /* Resources */ = {
			isa = PBXResourcesBuildPhase;
			buildActionMask = 2147483647;
			files = (
				B9337F761D932A7400AA8807 /* LaunchScreen.storyboard in Resources */,
				B9337F731D932A7400AA8807 /* Assets.xcassets in Resources */,
				B9337F711D932A7400AA8807 /* Main.storyboard in Resources */,
			);
			runOnlyForDeploymentPostprocessing = 0;
		};
		B9337F7A1D932A7500AA8807 /* Resources */ = {
			isa = PBXResourcesBuildPhase;
			buildActionMask = 2147483647;
			files = (
			);
			runOnlyForDeploymentPostprocessing = 0;
		};
		B9337F851D932A7500AA8807 /* Resources */ = {
			isa = PBXResourcesBuildPhase;
			buildActionMask = 2147483647;
			files = (
			);
			runOnlyForDeploymentPostprocessing = 0;
		};
/* End PBXResourcesBuildPhase section */

/* Begin PBXSourcesBuildPhase section */
		B9337F5F1D932A7400AA8807 /* Sources */ = {
			isa = PBXSourcesBuildPhase;
			buildActionMask = 2147483647;
			files = (
				B9337F671D932A7400AA8807 /* AppDelegate.swift in Sources */,
				B9CE5F8C1DB58FC4000273B7 /* Notes.swift in Sources */,
				B9337F6A1D932A7400AA8807 /* com_NikkoSanchez_BlocNotes.xcdatamodeld in Sources */,
				B9337F6C1D932A7400AA8807 /* MasterViewController.swift in Sources */,
				B9337F6E1D932A7400AA8807 /* DetailViewController.swift in Sources */,
			);
			runOnlyForDeploymentPostprocessing = 0;
		};
		B9337F781D932A7500AA8807 /* Sources */ = {
			isa = PBXSourcesBuildPhase;
			buildActionMask = 2147483647;
			files = (
				B9337F811D932A7500AA8807 /* com_NikkoSanchez_BlocNotesTests.swift in Sources */,
			);
			runOnlyForDeploymentPostprocessing = 0;
		};
		B9337F831D932A7500AA8807 /* Sources */ = {
			isa = PBXSourcesBuildPhase;
			buildActionMask = 2147483647;
			files = (
				B9337F8C1D932A7500AA8807 /* com_NikkoSanchez_BlocNotesUITests.swift in Sources */,
			);
			runOnlyForDeploymentPostprocessing = 0;
		};
/* End PBXSourcesBuildPhase section */

/* Begin PBXTargetDependency section */
		B9337F7E1D932A7500AA8807 /* PBXTargetDependency */ = {
			isa = PBXTargetDependency;
			target = B9337F621D932A7400AA8807 /* com.NikkoSanchez.BlocNotes */;
			targetProxy = B9337F7D1D932A7500AA8807 /* PBXContainerItemProxy */;
		};
		B9337F891D932A7500AA8807 /* PBXTargetDependency */ = {
			isa = PBXTargetDependency;
			target = B9337F621D932A7400AA8807 /* com.NikkoSanchez.BlocNotes */;
			targetProxy = B9337F881D932A7500AA8807 /* PBXContainerItemProxy */;
		};
/* End PBXTargetDependency section */

/* Begin PBXVariantGroup section */
		B9337F6F1D932A7400AA8807 /* Main.storyboard */ = {
			isa = PBXVariantGroup;
			children = (
				B9337F701D932A7400AA8807 /* Base */,
			);
			name = Main.storyboard;
			sourceTree = "<group>";
		};
		B9337F741D932A7400AA8807 /* LaunchScreen.storyboard */ = {
			isa = PBXVariantGroup;
			children = (
				B9337F751D932A7400AA8807 /* Base */,
			);
			name = LaunchScreen.storyboard;
			sourceTree = "<group>";
		};
/* End PBXVariantGroup section */

/* Begin XCBuildConfiguration section */
		B9337F8E1D932A7500AA8807 /* Debug */ = {
			isa = XCBuildConfiguration;
			buildSettings = {
				ALWAYS_SEARCH_USER_PATHS = NO;
				CLANG_ANALYZER_NONNULL = YES;
				CLANG_CXX_LANGUAGE_STANDARD = "gnu++0x";
				CLANG_CXX_LIBRARY = "libc++";
				CLANG_ENABLE_MODULES = YES;
				CLANG_ENABLE_OBJC_ARC = YES;
				CLANG_WARN_BOOL_CONVERSION = YES;
				CLANG_WARN_CONSTANT_CONVERSION = YES;
				CLANG_WARN_DIRECT_OBJC_ISA_USAGE = YES_ERROR;
				CLANG_WARN_EMPTY_BODY = YES;
				CLANG_WARN_ENUM_CONVERSION = YES;
				CLANG_WARN_INT_CONVERSION = YES;
				CLANG_WARN_OBJC_ROOT_CLASS = YES_ERROR;
				CLANG_WARN_UNREACHABLE_CODE = YES;
				CLANG_WARN__DUPLICATE_METHOD_MATCH = YES;
				"CODE_SIGN_IDENTITY[sdk=iphoneos*]" = "iPhone Developer";
				COPY_PHASE_STRIP = NO;
				DEBUG_INFORMATION_FORMAT = dwarf;
				ENABLE_STRICT_OBJC_MSGSEND = YES;
				ENABLE_TESTABILITY = YES;
				GCC_C_LANGUAGE_STANDARD = gnu99;
				GCC_DYNAMIC_NO_PIC = NO;
				GCC_NO_COMMON_BLOCKS = YES;
				GCC_OPTIMIZATION_LEVEL = 0;
				GCC_PREPROCESSOR_DEFINITIONS = (
					"DEBUG=1",
					"$(inherited)",
				);
				GCC_WARN_64_TO_32_BIT_CONVERSION = YES;
				GCC_WARN_ABOUT_RETURN_TYPE = YES_ERROR;
				GCC_WARN_UNDECLARED_SELECTOR = YES;
				GCC_WARN_UNINITIALIZED_AUTOS = YES_AGGRESSIVE;
				GCC_WARN_UNUSED_FUNCTION = YES;
				GCC_WARN_UNUSED_VARIABLE = YES;
				IPHONEOS_DEPLOYMENT_TARGET = 9.3;
				MTL_ENABLE_DEBUG_INFO = YES;
				ONLY_ACTIVE_ARCH = YES;
				SDKROOT = iphoneos;
				SWIFT_OPTIMIZATION_LEVEL = "-Onone";
				TARGETED_DEVICE_FAMILY = "1,2";
			};
			name = Debug;
		};
		B9337F8F1D932A7500AA8807 /* Release */ = {
			isa = XCBuildConfiguration;
			buildSettings = {
				ALWAYS_SEARCH_USER_PATHS = NO;
				CLANG_ANALYZER_NONNULL = YES;
				CLANG_CXX_LANGUAGE_STANDARD = "gnu++0x";
				CLANG_CXX_LIBRARY = "libc++";
				CLANG_ENABLE_MODULES = YES;
				CLANG_ENABLE_OBJC_ARC = YES;
				CLANG_WARN_BOOL_CONVERSION = YES;
				CLANG_WARN_CONSTANT_CONVERSION = YES;
				CLANG_WARN_DIRECT_OBJC_ISA_USAGE = YES_ERROR;
				CLANG_WARN_EMPTY_BODY = YES;
				CLANG_WARN_ENUM_CONVERSION = YES;
				CLANG_WARN_INT_CONVERSION = YES;
				CLANG_WARN_OBJC_ROOT_CLASS = YES_ERROR;
				CLANG_WARN_UNREACHABLE_CODE = YES;
				CLANG_WARN__DUPLICATE_METHOD_MATCH = YES;
				"CODE_SIGN_IDENTITY[sdk=iphoneos*]" = "iPhone Developer";
				COPY_PHASE_STRIP = NO;
				DEBUG_INFORMATION_FORMAT = "dwarf-with-dsym";
				ENABLE_NS_ASSERTIONS = NO;
				ENABLE_STRICT_OBJC_MSGSEND = YES;
				GCC_C_LANGUAGE_STANDARD = gnu99;
				GCC_NO_COMMON_BLOCKS = YES;
				GCC_WARN_64_TO_32_BIT_CONVERSION = YES;
				GCC_WARN_ABOUT_RETURN_TYPE = YES_ERROR;
				GCC_WARN_UNDECLARED_SELECTOR = YES;
				GCC_WARN_UNINITIALIZED_AUTOS = YES_AGGRESSIVE;
				GCC_WARN_UNUSED_FUNCTION = YES;
				GCC_WARN_UNUSED_VARIABLE = YES;
				IPHONEOS_DEPLOYMENT_TARGET = 9.3;
				MTL_ENABLE_DEBUG_INFO = NO;
				SDKROOT = iphoneos;
				TARGETED_DEVICE_FAMILY = "1,2";
				VALIDATE_PRODUCT = YES;
			};
			name = Release;
		};
		B9337F911D932A7500AA8807 /* Debug */ = {
			isa = XCBuildConfiguration;
			buildSettings = {
				ASSETCATALOG_COMPILER_APPICON_NAME = AppIcon;
				CLANG_ENABLE_MODULES = YES;
				CODE_SIGN_ENTITLEMENTS = com.NikkoSanchez.BlocNotes/com.NikkoSanchez.BlocNotes.entitlements;
				DEVELOPMENT_TEAM = S855R3TGB6;
				INFOPLIST_FILE = com.NikkoSanchez.BlocNotes/Info.plist;
				LD_RUNPATH_SEARCH_PATHS = "$(inherited) @executable_path/Frameworks";
				PRODUCT_BUNDLE_IDENTIFIER = "com.example.com-NikkoSanchez-BlocNotes";
				PRODUCT_NAME = "$(TARGET_NAME)";
				SWIFT_OPTIMIZATION_LEVEL = "-Onone";
				SWIFT_VERSION = 3.0;
			};
			name = Debug;
		};
		B9337F921D932A7500AA8807 /* Release */ = {
			isa = XCBuildConfiguration;
			buildSettings = {
				ASSETCATALOG_COMPILER_APPICON_NAME = AppIcon;
				CLANG_ENABLE_MODULES = YES;
				CODE_SIGN_ENTITLEMENTS = com.NikkoSanchez.BlocNotes/com.NikkoSanchez.BlocNotes.entitlements;
				DEVELOPMENT_TEAM = S855R3TGB6;
				INFOPLIST_FILE = com.NikkoSanchez.BlocNotes/Info.plist;
				LD_RUNPATH_SEARCH_PATHS = "$(inherited) @executable_path/Frameworks";
				PRODUCT_BUNDLE_IDENTIFIER = "com.example.com-NikkoSanchez-BlocNotes";
				PRODUCT_NAME = "$(TARGET_NAME)";
				SWIFT_VERSION = 3.0;
			};
			name = Release;
		};
		B9337F941D932A7500AA8807 /* Debug */ = {
			isa = XCBuildConfiguration;
			buildSettings = {
				BUNDLE_LOADER = "$(TEST_HOST)";
				INFOPLIST_FILE = com.NikkoSanchez.BlocNotesTests/Info.plist;
				LD_RUNPATH_SEARCH_PATHS = "$(inherited) @executable_path/Frameworks @loader_path/Frameworks";
				PRODUCT_BUNDLE_IDENTIFIER = "com.example.com-NikkoSanchez-BlocNotesTests";
				PRODUCT_NAME = "$(TARGET_NAME)";
				SWIFT_VERSION = 3.0;
				TEST_HOST = "$(BUILT_PRODUCTS_DIR)/com.NikkoSanchez.BlocNotes.app/com.NikkoSanchez.BlocNotes";
			};
			name = Debug;
		};
		B9337F951D932A7500AA8807 /* Release */ = {
			isa = XCBuildConfiguration;
			buildSettings = {
				BUNDLE_LOADER = "$(TEST_HOST)";
				INFOPLIST_FILE = com.NikkoSanchez.BlocNotesTests/Info.plist;
				LD_RUNPATH_SEARCH_PATHS = "$(inherited) @executable_path/Frameworks @loader_path/Frameworks";
				PRODUCT_BUNDLE_IDENTIFIER = "com.example.com-NikkoSanchez-BlocNotesTests";
				PRODUCT_NAME = "$(TARGET_NAME)";
				SWIFT_VERSION = 3.0;
				TEST_HOST = "$(BUILT_PRODUCTS_DIR)/com.NikkoSanchez.BlocNotes.app/com.NikkoSanchez.BlocNotes";
			};
			name = Release;
		};
		B9337F971D932A7500AA8807 /* Debug */ = {
			isa = XCBuildConfiguration;
			buildSettings = {
				INFOPLIST_FILE = com.NikkoSanchez.BlocNotesUITests/Info.plist;
				LD_RUNPATH_SEARCH_PATHS = "$(inherited) @executable_path/Frameworks @loader_path/Frameworks";
				PRODUCT_BUNDLE_IDENTIFIER = "com.example.com-NikkoSanchez-BlocNotesUITests";
				PRODUCT_NAME = "$(TARGET_NAME)";
				SWIFT_VERSION = 3.0;
				TEST_TARGET_NAME = com.NikkoSanchez.BlocNotes;
			};
			name = Debug;
		};
		B9337F981D932A7500AA8807 /* Release */ = {
			isa = XCBuildConfiguration;
			buildSettings = {
				INFOPLIST_FILE = com.NikkoSanchez.BlocNotesUITests/Info.plist;
				LD_RUNPATH_SEARCH_PATHS = "$(inherited) @executable_path/Frameworks @loader_path/Frameworks";
				PRODUCT_BUNDLE_IDENTIFIER = "com.example.com-NikkoSanchez-BlocNotesUITests";
				PRODUCT_NAME = "$(TARGET_NAME)";
				SWIFT_VERSION = 3.0;
				TEST_TARGET_NAME = com.NikkoSanchez.BlocNotes;
			};
			name = Release;
		};
/* End XCBuildConfiguration section */

/* Begin XCConfigurationList section */
		B9337F5E1D932A7400AA8807 /* Build configuration list for PBXProject "com.NikkoSanchez.BlocNotes" */ = {
			isa = XCConfigurationList;
			buildConfigurations = (
				B9337F8E1D932A7500AA8807 /* Debug */,
				B9337F8F1D932A7500AA8807 /* Release */,
			);
			defaultConfigurationIsVisible = 0;
			defaultConfigurationName = Release;
		};
		B9337F901D932A7500AA8807 /* Build configuration list for PBXNativeTarget "com.NikkoSanchez.BlocNotes" */ = {
			isa = XCConfigurationList;
			buildConfigurations = (
				B9337F911D932A7500AA8807 /* Debug */,
				B9337F921D932A7500AA8807 /* Release */,
			);
			defaultConfigurationIsVisible = 0;
			defaultConfigurationName = Release;
		};
		B9337F931D932A7500AA8807 /* Build configuration list for PBXNativeTarget "com.NikkoSanchez.BlocNotesTests" */ = {
			isa = XCConfigurationList;
			buildConfigurations = (
				B9337F941D932A7500AA8807 /* Debug */,
				B9337F951D932A7500AA8807 /* Release */,
			);
			defaultConfigurationIsVisible = 0;
			defaultConfigurationName = Release;
		};
		B9337F961D932A7500AA8807 /* Build configuration list for PBXNativeTarget "com.NikkoSanchez.BlocNotesUITests" */ = {
			isa = XCConfigurationList;
			buildConfigurations = (
				B9337F971D932A7500AA8807 /* Debug */,
				B9337F981D932A7500AA8807 /* Release */,
			);
			defaultConfigurationIsVisible = 0;
			defaultConfigurationName = Release;
		};
/* End XCConfigurationList section */

/* Begin XCVersionGroup section */
		B9337F681D932A7400AA8807 /* com_NikkoSanchez_BlocNotes.xcdatamodeld */ = {
			isa = XCVersionGroup;
			children = (
				B9281C3B1D9F81D4009413B2 /* com_NikkoSanchez_BlocNotes v2.xcdatamodel */,
				B9337F691D932A7400AA8807 /* com_NikkoSanchez_BlocNotes.xcdatamodel */,
			);
			currentVersion = B9281C3B1D9F81D4009413B2 /* com_NikkoSanchez_BlocNotes v2.xcdatamodel */;
			path = com_NikkoSanchez_BlocNotes.xcdatamodeld;
			sourceTree = "<group>";
			versionGroupType = wrapper.xcdatamodel;
		};
/* End XCVersionGroup section */
	};
	rootObject = B9337F5B1D932A7400AA8807 /* Project object */;
}
